// !$*UTF8*$!
{
	archiveVersion = 1;
	classes = {
	};
	objectVersion = 46;
	objects = {

/* Begin PBXBuildFile section */
		AB050C101CDA33380002A331 /* main.m in Sources */ = {isa = PBXBuildFile; fileRef = AB050C0F1CDA33380002A331 /* main.m */; };
		AB050C131CDA33380002A331 /* AppDelegate.m in Sources */ = {isa = PBXBuildFile; fileRef = AB050C121CDA33380002A331 /* AppDelegate.m */; };
		AB050C151CDA33380002A331 /* Oglo2-Prefix.pch in Resources */ = {isa = PBXBuildFile; fileRef = AB050C141CDA33380002A331 /* Oglo2-Prefix.pch */; };
		AB050C171CDA33380002A331 /* Assets.xcassets in Resources */ = {isa = PBXBuildFile; fileRef = AB050C161CDA33380002A331 /* Assets.xcassets */; };
		AB050C1A1CDA33380002A331 /* LaunchScreen.storyboard in Resources */ = {isa = PBXBuildFile; fileRef = AB050C181CDA33380002A331 /* LaunchScreen.storyboard */; };
		AB050C261CDA33530002A331 /* RootViewController.m in Sources */ = {isa = PBXBuildFile; fileRef = AB050C231CDA33530002A331 /* RootViewController.m */; };
		AB050C271CDA33530002A331 /* HomeViewController.m in Sources */ = {isa = PBXBuildFile; fileRef = AB050C251CDA33530002A331 /* HomeViewController.m */; };
		AB050C2A1CDA34080002A331 /* CoreBluetooth.framework in Frameworks */ = {isa = PBXBuildFile; fileRef = AB050C291CDA34080002A331 /* CoreBluetooth.framework */; };
		AB0C78B61CE3538C00ADE4A5 /* Oglo2Tests.m in Sources */ = {isa = PBXBuildFile; fileRef = AB0C78B51CE3538C00ADE4A5 /* Oglo2Tests.m */; };
/* End PBXBuildFile section */

/* Begin PBXContainerItemProxy section */
		AB0C78B81CE3538C00ADE4A5 /* PBXContainerItemProxy */ = {
			isa = PBXContainerItemProxy;
			containerPortal = AB050C031CDA33380002A331 /* Project object */;
			proxyType = 1;
			remoteGlobalIDString = AB050C0A1CDA33380002A331;
			remoteInfo = Oglo2;
		};
/* End PBXContainerItemProxy section */

/* Begin PBXFileReference section */
		AB050C0B1CDA33380002A331 /* Oglo2.app */ = {isa = PBXFileReference; explicitFileType = wrapper.application; includeInIndex = 0; path = Oglo2.app; sourceTree = BUILT_PRODUCTS_DIR; };
		AB050C0F1CDA33380002A331 /* main.m */ = {isa = PBXFileReference; lastKnownFileType = sourcecode.c.objc; path = main.m; sourceTree = "<group>"; };
		AB050C111CDA33380002A331 /* AppDelegate.h */ = {isa = PBXFileReference; lastKnownFileType = sourcecode.c.h; path = AppDelegate.h; sourceTree = "<group>"; };
		AB050C121CDA33380002A331 /* AppDelegate.m */ = {isa = PBXFileReference; lastKnownFileType = sourcecode.c.objc; path = AppDelegate.m; sourceTree = "<group>"; };
		AB050C141CDA33380002A331 /* Oglo2-Prefix.pch */ = {isa = PBXFileReference; lastKnownFileType = sourcecode.c.h; path = "Oglo2-Prefix.pch"; sourceTree = "<group>"; };
		AB050C161CDA33380002A331 /* Assets.xcassets */ = {isa = PBXFileReference; lastKnownFileType = folder.assetcatalog; path = Assets.xcassets; sourceTree = "<group>"; };
		AB050C191CDA33380002A331 /* Base */ = {isa = PBXFileReference; lastKnownFileType = file.storyboard; name = Base; path = Base.lproj/LaunchScreen.storyboard; sourceTree = "<group>"; };
		AB050C1B1CDA33380002A331 /* Info.plist */ = {isa = PBXFileReference; lastKnownFileType = text.plist.xml; path = Info.plist; sourceTree = "<group>"; };
		AB050C211CDA33530002A331 /* Constants.h */ = {isa = PBXFileReference; fileEncoding = 4; lastKnownFileType = sourcecode.c.h; path = Constants.h; sourceTree = "<group>"; };
		AB050C221CDA33530002A331 /* RootViewController.h */ = {isa = PBXFileReference; fileEncoding = 4; lastKnownFileType = sourcecode.c.h; path = RootViewController.h; sourceTree = "<group>"; };
		AB050C231CDA33530002A331 /* RootViewController.m */ = {isa = PBXFileReference; fileEncoding = 4; lastKnownFileType = sourcecode.c.objc; path = RootViewController.m; sourceTree = "<group>"; };
		AB050C241CDA33530002A331 /* HomeViewController.h */ = {isa = PBXFileReference; fileEncoding = 4; lastKnownFileType = sourcecode.c.h; path = HomeViewController.h; sourceTree = "<group>"; };
		AB050C251CDA33530002A331 /* HomeViewController.m */ = {isa = PBXFileReference; fileEncoding = 4; lastKnownFileType = sourcecode.c.objc; path = HomeViewController.m; sourceTree = "<group>"; };
		AB050C291CDA34080002A331 /* CoreBluetooth.framework */ = {isa = PBXFileReference; lastKnownFileType = wrapper.framework; name = CoreBluetooth.framework; path = System/Library/Frameworks/CoreBluetooth.framework; sourceTree = SDKROOT; };
		AB0C78B31CE3538C00ADE4A5 /* Oglo2Tests.xctest */ = {isa = PBXFileReference; explicitFileType = wrapper.cfbundle; includeInIndex = 0; path = Oglo2Tests.xctest; sourceTree = BUILT_PRODUCTS_DIR; };
		AB0C78B51CE3538C00ADE4A5 /* Oglo2Tests.m */ = {isa = PBXFileReference; lastKnownFileType = sourcecode.c.objc; path = Oglo2Tests.m; sourceTree = "<group>"; };
		AB0C78B71CE3538C00ADE4A5 /* Info.plist */ = {isa = PBXFileReference; lastKnownFileType = text.plist.xml; path = Info.plist; sourceTree = "<group>"; };
/* End PBXFileReference section */

/* Begin PBXFrameworksBuildPhase section */
		AB050C081CDA33380002A331 /* Frameworks */ = {
			isa = PBXFrameworksBuildPhase;
			buildActionMask = 2147483647;
			files = (
				AB050C2A1CDA34080002A331 /* CoreBluetooth.framework in Frameworks */,
			);
			runOnlyForDeploymentPostprocessing = 0;
		};
		AB0C78B01CE3538C00ADE4A5 /* Frameworks */ = {
			isa = PBXFrameworksBuildPhase;
			buildActionMask = 2147483647;
			files = (
			);
			runOnlyForDeploymentPostprocessing = 0;
		};
/* End PBXFrameworksBuildPhase section */

/* Begin PBXGroup section */
		AB050C021CDA33380002A331 = {
			isa = PBXGroup;
			children = (
				AB050C0D1CDA33380002A331 /* Oglo2 */,
				AB0C78B41CE3538C00ADE4A5 /* Oglo2Tests */,
				AB050C0C1CDA33380002A331 /* Products */,
			);
			sourceTree = "<group>";
		};
		AB050C0C1CDA33380002A331 /* Products */ = {
			isa = PBXGroup;
			children = (
				AB050C0B1CDA33380002A331 /* Oglo2.app */,
				AB0C78B31CE3538C00ADE4A5 /* Oglo2Tests.xctest */,
			);
			name = Products;
			sourceTree = "<group>";
		};
		AB050C0D1CDA33380002A331 /* Oglo2 */ = {
			isa = PBXGroup;
			children = (
				AB050C111CDA33380002A331 /* AppDelegate.h */,
				AB050C121CDA33380002A331 /* AppDelegate.m */,
				AB050C211CDA33530002A331 /* Constants.h */,
				AB050C221CDA33530002A331 /* RootViewController.h */,
				AB050C231CDA33530002A331 /* RootViewController.m */,
				AB050C241CDA33530002A331 /* HomeViewController.h */,
				AB050C251CDA33530002A331 /* HomeViewController.m */,
				AB050C281CDA33620002A331 /* Resources */,
				AB050C0E1CDA33380002A331 /* Supporting Files */,
			);
			path = Oglo2;
			sourceTree = "<group>";
		};
		AB050C0E1CDA33380002A331 /* Supporting Files */ = {
			isa = PBXGroup;
			children = (
				AB050C141CDA33380002A331 /* Oglo2-Prefix.pch */,
				AB050C1B1CDA33380002A331 /* Info.plist */,
				AB050C0F1CDA33380002A331 /* main.m */,
			);
			name = "Supporting Files";
			sourceTree = "<group>";
		};
		AB050C281CDA33620002A331 /* Resources */ = {
			isa = PBXGroup;
			children = (
				AB050C291CDA34080002A331 /* CoreBluetooth.framework */,
				AB050C161CDA33380002A331 /* Assets.xcassets */,
				AB050C181CDA33380002A331 /* LaunchScreen.storyboard */,
			);
			name = Resources;
			sourceTree = "<group>";
		};
		AB0C78B41CE3538C00ADE4A5 /* Oglo2Tests */ = {
			isa = PBXGroup;
			children = (
				AB0C78B51CE3538C00ADE4A5 /* Oglo2Tests.m */,
				AB0C78B71CE3538C00ADE4A5 /* Info.plist */,
			);
			path = Oglo2Tests;
			sourceTree = "<group>";
		};
/* End PBXGroup section */

/* Begin PBXNativeTarget section */
		AB050C0A1CDA33380002A331 /* Oglo2 */ = {
			isa = PBXNativeTarget;
			buildConfigurationList = AB050C1E1CDA33380002A331 /* Build configuration list for PBXNativeTarget "Oglo2" */;
			buildPhases = (
				AB050C071CDA33380002A331 /* Sources */,
				AB050C081CDA33380002A331 /* Frameworks */,
				AB050C091CDA33380002A331 /* Resources */,
			);
			buildRules = (
			);
			dependencies = (
			);
			name = Oglo2;
			productName = Oglo2;
			productReference = AB050C0B1CDA33380002A331 /* Oglo2.app */;
			productType = "com.apple.product-type.application";
		};
		AB0C78B21CE3538C00ADE4A5 /* Oglo2Tests */ = {
			isa = PBXNativeTarget;
			buildConfigurationList = AB0C78BA1CE3538C00ADE4A5 /* Build configuration list for PBXNativeTarget "Oglo2Tests" */;
			buildPhases = (
				AB0C78AF1CE3538C00ADE4A5 /* Sources */,
				AB0C78B01CE3538C00ADE4A5 /* Frameworks */,
				AB0C78B11CE3538C00ADE4A5 /* Resources */,
			);
			buildRules = (
			);
			dependencies = (
				AB0C78B91CE3538C00ADE4A5 /* PBXTargetDependency */,
			);
			name = Oglo2Tests;
			productName = Oglo2Tests;
			productReference = AB0C78B31CE3538C00ADE4A5 /* Oglo2Tests.xctest */;
			productType = "com.apple.product-type.bundle.unit-test";
		};
/* End PBXNativeTarget section */

/* Begin PBXProject section */
		AB050C031CDA33380002A331 /* Project object */ = {
			isa = PBXProject;
			attributes = {
				LastUpgradeCheck = 0730;
				ORGANIZATIONNAME = Appiway;
				TargetAttributes = {
					AB050C0A1CDA33380002A331 = {
						CreatedOnToolsVersion = 7.3;
					};
					AB0C78B21CE3538C00ADE4A5 = {
						CreatedOnToolsVersion = 7.3.1;
						TestTargetID = AB050C0A1CDA33380002A331;
					};
				};
			};
			buildConfigurationList = AB050C061CDA33380002A331 /* Build configuration list for PBXProject "Oglo2" */;
			compatibilityVersion = "Xcode 3.2";
			developmentRegion = English;
			hasScannedForEncodings = 0;
			knownRegions = (
				en,
				Base,
			);
			mainGroup = AB050C021CDA33380002A331;
			productRefGroup = AB050C0C1CDA33380002A331 /* Products */;
			projectDirPath = "";
			projectRoot = "";
			targets = (
				AB050C0A1CDA33380002A331 /* Oglo2 */,
				AB0C78B21CE3538C00ADE4A5 /* Oglo2Tests */,
			);
		};
/* End PBXProject section */

/* Begin PBXResourcesBuildPhase section */
		AB050C091CDA33380002A331 /* Resources */ = {
			isa = PBXResourcesBuildPhase;
			buildActionMask = 2147483647;
			files = (
				AB050C1A1CDA33380002A331 /* LaunchScreen.storyboard in Resources */,
				AB050C171CDA33380002A331 /* Assets.xcassets in Resources */,
				AB050C151CDA33380002A331 /* Oglo2-Prefix.pch in Resources */,
			);
			runOnlyForDeploymentPostprocessing = 0;
		};
		AB0C78B11CE3538C00ADE4A5 /* Resources */ = {
			isa = PBXResourcesBuildPhase;
			buildActionMask = 2147483647;
			files = (
			);
			runOnlyForDeploymentPostprocessing = 0;
		};
/* End PBXResourcesBuildPhase section */

/* Begin PBXSourcesBuildPhase section */
		AB050C071CDA33380002A331 /* Sources */ = {
			isa = PBXSourcesBuildPhase;
			buildActionMask = 2147483647;
			files = (
				AB050C131CDA33380002A331 /* AppDelegate.m in Sources */,
				AB050C101CDA33380002A331 /* main.m in Sources */,
				AB050C261CDA33530002A331 /* RootViewController.m in Sources */,
				AB050C271CDA33530002A331 /* HomeViewController.m in Sources */,
			);
			runOnlyForDeploymentPostprocessing = 0;
		};
		AB0C78AF1CE3538C00ADE4A5 /* Sources */ = {
			isa = PBXSourcesBuildPhase;
			buildActionMask = 2147483647;
			files = (
				AB0C78B61CE3538C00ADE4A5 /* Oglo2Tests.m in Sources */,
			);
			runOnlyForDeploymentPostprocessing = 0;
		};
/* End PBXSourcesBuildPhase section */

/* Begin PBXTargetDependency section */
		AB0C78B91CE3538C00ADE4A5 /* PBXTargetDependency */ = {
			isa = PBXTargetDependency;
			target = AB050C0A1CDA33380002A331 /* Oglo2 */;
			targetProxy = AB0C78B81CE3538C00ADE4A5 /* PBXContainerItemProxy */;
		};
/* End PBXTargetDependency section */

/* Begin PBXVariantGroup section */
		AB050C181CDA33380002A331 /* LaunchScreen.storyboard */ = {
			isa = PBXVariantGroup;
			children = (
				AB050C191CDA33380002A331 /* Base */,
			);
			name = LaunchScreen.storyboard;
			sourceTree = "<group>";
		};
/* End PBXVariantGroup section */

/* Begin XCBuildConfiguration section */
		AB050C1C1CDA33380002A331 /* Debug */ = {
			isa = XCBuildConfiguration;
			buildSettings = {
				ALWAYS_SEARCH_USER_PATHS = NO;
				CLANG_ANALYZER_NONNULL = YES;
				CLANG_CXX_LANGUAGE_STANDARD = "gnu++0x";
				CLANG_CXX_LIBRARY = "libc++";
				CLANG_ENABLE_MODULES = YES;
				CLANG_ENABLE_OBJC_ARC = YES;
				CLANG_WARN_BOOL_CONVERSION = YES;
				CLANG_WARN_CONSTANT_CONVERSION = YES;
				CLANG_WARN_DIRECT_OBJC_ISA_USAGE = YES_ERROR;
				CLANG_WARN_EMPTY_BODY = YES;
				CLANG_WARN_ENUM_CONVERSION = YES;
				CLANG_WARN_INT_CONVERSION = YES;
				CLANG_WARN_OBJC_ROOT_CLASS = YES_ERROR;
				CLANG_WARN_UNREACHABLE_CODE = YES;
				CLANG_WARN__DUPLICATE_METHOD_MATCH = YES;
				"CODE_SIGN_IDENTITY[sdk=iphoneos*]" = "iPhone Developer";
				COPY_PHASE_STRIP = NO;
				DEBUG_INFORMATION_FORMAT = dwarf;
				ENABLE_STRICT_OBJC_MSGSEND = YES;
				ENABLE_TESTABILITY = YES;
				GCC_C_LANGUAGE_STANDARD = gnu99;
				GCC_DYNAMIC_NO_PIC = NO;
				GCC_NO_COMMON_BLOCKS = YES;
				GCC_OPTIMIZATION_LEVEL = 0;
				GCC_PREPROCESSOR_DEFINITIONS = (
					"DEBUG=1",
					"$(inherited)",
				);
				GCC_WARN_64_TO_32_BIT_CONVERSION = YES;
				GCC_WARN_ABOUT_RETURN_TYPE = YES_ERROR;
				GCC_WARN_UNDECLARED_SELECTOR = YES;
				GCC_WARN_UNINITIALIZED_AUTOS = YES_AGGRESSIVE;
				GCC_WARN_UNUSED_FUNCTION = YES;
				GCC_WARN_UNUSED_VARIABLE = YES;
				IPHONEOS_DEPLOYMENT_TARGET = 9.3;
				MTL_ENABLE_DEBUG_INFO = YES;
				ONLY_ACTIVE_ARCH = YES;
				SDKROOT = iphoneos;
			};
			name = Debug;
		};
		AB050C1D1CDA33380002A331 /* Release */ = {
			isa = XCBuildConfiguration;
			buildSettings = {
				ALWAYS_SEARCH_USER_PATHS = NO;
				CLANG_ANALYZER_NONNULL = YES;
				CLANG_CXX_LANGUAGE_STANDARD = "gnu++0x";
				CLANG_CXX_LIBRARY = "libc++";
				CLANG_ENABLE_MODULES = YES;
				CLANG_ENABLE_OBJC_ARC = YES;
				CLANG_WARN_BOOL_CONVERSION = YES;
				CLANG_WARN_CONSTANT_CONVERSION = YES;
				CLANG_WARN_DIRECT_OBJC_ISA_USAGE = YES_ERROR;
				CLANG_WARN_EMPTY_BODY = YES;
				CLANG_WARN_ENUM_CONVERSION = YES;
				CLANG_WARN_INT_CONVERSION = YES;
				CLANG_WARN_OBJC_ROOT_CLASS = YES_ERROR;
				CLANG_WARN_UNREACHABLE_CODE = YES;
				CLANG_WARN__DUPLICATE_METHOD_MATCH = YES;
				"CODE_SIGN_IDENTITY[sdk=iphoneos*]" = "iPhone Developer";
				COPY_PHASE_STRIP = NO;
				DEBUG_INFORMATION_FORMAT = "dwarf-with-dsym";
				ENABLE_NS_ASSERTIONS = NO;
				ENABLE_STRICT_OBJC_MSGSEND = YES;
				GCC_C_LANGUAGE_STANDARD = gnu99;
				GCC_NO_COMMON_BLOCKS = YES;
				GCC_WARN_64_TO_32_BIT_CONVERSION = YES;
				GCC_WARN_ABOUT_RETURN_TYPE = YES_ERROR;
				GCC_WARN_UNDECLARED_SELECTOR = YES;
				GCC_WARN_UNINITIALIZED_AUTOS = YES_AGGRESSIVE;
				GCC_WARN_UNUSED_FUNCTION = YES;
				GCC_WARN_UNUSED_VARIABLE = YES;
				IPHONEOS_DEPLOYMENT_TARGET = 9.3;
				MTL_ENABLE_DEBUG_INFO = NO;
				SDKROOT = iphoneos;
				VALIDATE_PRODUCT = YES;
			};
			name = Release;
		};
		AB050C1F1CDA33380002A331 /* Debug */ = {
			isa = XCBuildConfiguration;
			buildSettings = {
				ASSETCATALOG_COMPILER_APPICON_NAME = AppIcon;
				INFOPLIST_FILE = Oglo2/Info.plist;
				LD_RUNPATH_SEARCH_PATHS = "$(inherited) @executable_path/Frameworks";
				PRODUCT_BUNDLE_IDENTIFIER = com.appiway.Oglo2;
				PRODUCT_NAME = "$(TARGET_NAME)";
			};
			name = Debug;
		};
		AB050C201CDA33380002A331 /* Release */ = {
			isa = XCBuildConfiguration;
			buildSettings = {
				ASSETCATALOG_COMPILER_APPICON_NAME = AppIcon;
				INFOPLIST_FILE = Oglo2/Info.plist;
				LD_RUNPATH_SEARCH_PATHS = "$(inherited) @executable_path/Frameworks";
				PRODUCT_BUNDLE_IDENTIFIER = com.appiway.Oglo2;
				PRODUCT_NAME = "$(TARGET_NAME)";
			};
			name = Release;
		};
		AB0C78BB1CE3538C00ADE4A5 /* Debug */ = {
			isa = XCBuildConfiguration;
			buildSettings = {
				BUNDLE_LOADER = "$(TEST_HOST)";
				INFOPLIST_FILE = Oglo2Tests/Info.plist;
				LD_RUNPATH_SEARCH_PATHS = "$(inherited) @executable_path/Frameworks @loader_path/Frameworks";
				PRODUCT_BUNDLE_IDENTIFIER = com.appiway.Oglo2Tests;
				PRODUCT_NAME = "$(TARGET_NAME)";
				TEST_HOST = "$(BUILT_PRODUCTS_DIR)/Oglo2.app/Oglo2";
			};
			name = Debug;
		};
		AB0C78BC1CE3538C00ADE4A5 /* Release */ = {
			isa = XCBuildConfiguration;
			buildSettings = {
				BUNDLE_LOADER = "$(TEST_HOST)";
				INFOPLIST_FILE = Oglo2Tests/Info.plist;
				LD_RUNPATH_SEARCH_PATHS = "$(inherited) @executable_path/Frameworks @loader_path/Frameworks";
				PRODUCT_BUNDLE_IDENTIFIER = com.appiway.Oglo2Tests;
				PRODUCT_NAME = "$(TARGET_NAME)";
				TEST_HOST = "$(BUILT_PRODUCTS_DIR)/Oglo2.app/Oglo2";
			};
			name = Release;
		};
/* End XCBuildConfiguration section */

/* Begin XCConfigurationList section */
		AB050C061CDA33380002A331 /* Build configuration list for PBXProject "Oglo2" */ = {
			isa = XCConfigurationList;
			buildConfigurations = (
				AB050C1C1CDA33380002A331 /* Debug */,
				AB050C1D1CDA33380002A331 /* Release */,
			);
			defaultConfigurationIsVisible = 0;
			defaultConfigurationName = Release;
		};
		AB050C1E1CDA33380002A331 /* Build configuration list for PBXNativeTarget "Oglo2" */ = {
			isa = XCConfigurationList;
			buildConfigurations = (
				AB050C1F1CDA33380002A331 /* Debug */,
				AB050C201CDA33380002A331 /* Release */,
			);
			defaultConfigurationIsVisible = 0;
			defaultConfigurationName = Release;
		};
		AB0C78BA1CE3538C00ADE4A5 /* Build configuration list for PBXNativeTarget "Oglo2Tests" */ = {
			isa = XCConfigurationList;
			buildConfigurations = (
				AB0C78BB1CE3538C00ADE4A5 /* Debug */,
				AB0C78BC1CE3538C00ADE4A5 /* Release */,
			);
			defaultConfigurationIsVisible = 0;
		};
/* End XCConfigurationList section */
	};
	rootObject = AB050C031CDA33380002A331 /* Project object */;
}
